dependencies:
- name: common
  repository: https://charts.bitnami.com/bitnami
  version: 1.10.4
- name: mariadb
  repository: https://charts.bitnami.com/bitnami
  version: 9.8.1
digest: sha256:0468fb250f45570d81c491a31a5243b1ababf2a437258352b712a53169124e57
generated: "2022-01-31T08:55:58.596166958Z"
